
Microsoft Visual Studio Solution File, Format Version 12.00
# Visual Studio 15
VisualStudioVersion = 15.0.28307.539
MinimumVisualStudioVersion = 10.0.40219.1
Project("{FAE04EC0-301F-11D3-BF4B-00C04F79EFBC}") = "04_Lesson_ListBoxChecked", "04_Lesson_ComboBox_FileDialog_Child\04_Lesson_ListBoxChecked.csproj", "{B4A30228-A9DF-4353-8711-CB0B62A3CA4F}"
EndProject
Project("{FAE04EC0-301F-11D3-BF4B-00C04F79EFBC}") = "04_ComboBox", "04_ComboBox\04_ComboBox.csproj", "{1B31BF00-07BA-4BFD-9E9D-C23AEA2C3E7B}"
EndProject
Project("{FAE04EC0-301F-11D3-BF4B-00C04F79EFBC}") = "04_Forms", "04_Forms\04_Forms.csproj", "{139671D7-5F43-4639-B932-E82512871A69}"
EndProject
Global
	GlobalSection(SolutionConfigurationPlatforms) = preSolution
		Debug|Any CPU = Debug|Any CPU
		Release|Any CPU = Release|Any CPU
	EndGlobalSection
	GlobalSection(ProjectConfigurationPlatforms) = postSolution
		{B4A30228-A9DF-4353-8711-CB0B62A3CA4F}.Debug|Any CPU.ActiveCfg = Debug|Any CPU
		{B4A30228-A9DF-4353-8711-CB0B62A3CA4F}.Debug|Any CPU.Build.0 = Debug|Any CPU
		{B4A30228-A9DF-4353-8711-CB0B62A3CA4F}.Release|Any CPU.ActiveCfg = Release|Any CPU
		{B4A30228-A9DF-4353-8711-CB0B62A3CA4F}.Release|Any CPU.Build.0 = Release|Any CPU
		{1B31BF00-07BA-4BFD-9E9D-C23AEA2C3E7B}.Debug|Any CPU.ActiveCfg = Debug|Any CPU
		{1B31BF00-07BA-4BFD-9E9D-C23AEA2C3E7B}.Debug|Any CPU.Build.0 = Debug|Any CPU
		{1B31BF00-07BA-4BFD-9E9D-C23AEA2C3E7B}.Release|Any CPU.ActiveCfg = Release|Any CPU
		{1B31BF00-07BA-4BFD-9E9D-C23AEA2C3E7B}.Release|Any CPU.Build.0 = Release|Any CPU
		{139671D7-5F43-4639-B932-E82512871A69}.Debug|Any CPU.ActiveCfg = Debug|Any CPU
		{139671D7-5F43-4639-B932-E82512871A69}.Debug|Any CPU.Build.0 = Debug|Any CPU
		{139671D7-5F43-4639-B932-E82512871A69}.Release|Any CPU.ActiveCfg = Release|Any CPU
		{139671D7-5F43-4639-B932-E82512871A69}.Release|Any CPU.Build.0 = Release|Any CPU
	EndGlobalSection
	GlobalSection(SolutionProperties) = preSolution
		HideSolutionNode = FALSE
	EndGlobalSection
	GlobalSection(ExtensibilityGlobals) = postSolution
		SolutionGuid = {0937DC8E-6F4E-4440-AB0D-8DF08C18EC00}
	EndGlobalSection
EndGlobal
