
Microsoft Visual Studio Solution File, Format Version 12.00
# Visual Studio 15
VisualStudioVersion = 15.0.26730.16
MinimumVisualStudioVersion = 10.0.40219.1
Project("{FAE04EC0-301F-11D3-BF4B-00C04F79EFBC}") = "PassValue_1", "PassValue_1\PassValue_1.csproj", "{9A3D5121-7F16-4245-8E4B-54996417539B}"
EndProject
Global
	GlobalSection(SolutionConfigurationPlatforms) = preSolution
		Debug|Any CPU = Debug|Any CPU
		Release|Any CPU = Release|Any CPU
	EndGlobalSection
	GlobalSection(ProjectConfigurationPlatforms) = postSolution
		{9A3D5121-7F16-4245-8E4B-54996417539B}.Debug|Any CPU.ActiveCfg = Debug|Any CPU
		{9A3D5121-7F16-4245-8E4B-54996417539B}.Debug|Any CPU.Build.0 = Debug|Any CPU
		{9A3D5121-7F16-4245-8E4B-54996417539B}.Release|Any CPU.ActiveCfg = Release|Any CPU
		{9A3D5121-7F16-4245-8E4B-54996417539B}.Release|Any CPU.Build.0 = Release|Any CPU
	EndGlobalSection
	GlobalSection(SolutionProperties) = preSolution
		HideSolutionNode = FALSE
	EndGlobalSection
	GlobalSection(ExtensibilityGlobals) = postSolution
		SolutionGuid = {9F4350D6-CEA1-44A8-849D-FD05B0A034A0}
	EndGlobalSection
EndGlobal
