
Microsoft Visual Studio Solution File, Format Version 12.00
# Visual Studio 15
VisualStudioVersion = 15.0.26730.16
MinimumVisualStudioVersion = 10.0.40219.1
Project("{FAE04EC0-301F-11D3-BF4B-00C04F79EFBC}") = "ControlsDemo", "ControlsDemo\ControlsDemo.csproj", "{8D682A84-3BE9-4228-8DF2-B43A31BA3539}"
EndProject
Global
	GlobalSection(SolutionConfigurationPlatforms) = preSolution
		Debug|Any CPU = Debug|Any CPU
		Release|Any CPU = Release|Any CPU
	EndGlobalSection
	GlobalSection(ProjectConfigurationPlatforms) = postSolution
		{8D682A84-3BE9-4228-8DF2-B43A31BA3539}.Debug|Any CPU.ActiveCfg = Debug|Any CPU
		{8D682A84-3BE9-4228-8DF2-B43A31BA3539}.Debug|Any CPU.Build.0 = Debug|Any CPU
		{8D682A84-3BE9-4228-8DF2-B43A31BA3539}.Release|Any CPU.ActiveCfg = Release|Any CPU
		{8D682A84-3BE9-4228-8DF2-B43A31BA3539}.Release|Any CPU.Build.0 = Release|Any CPU
	EndGlobalSection
	GlobalSection(SolutionProperties) = preSolution
		HideSolutionNode = FALSE
	EndGlobalSection
	GlobalSection(ExtensibilityGlobals) = postSolution
		SolutionGuid = {A7376530-E27C-44CF-AE3B-AD67B43BA02A}
	EndGlobalSection
EndGlobal
