
Microsoft Visual Studio Solution File, Format Version 10.00
# Visual Studio 2008
Project("{FAE04EC0-301F-11D3-BF4B-00C04F79EFBC}") = "ListComputersLAN", "ListComputersLAN\ListComputersLAN.csproj", "{BD298858-D0CD-4D18-AD97-05A9AFAEC906}"
EndProject
Global
	GlobalSection(SolutionConfigurationPlatforms) = preSolution
		Debug|Any CPU = Debug|Any CPU
		Release|Any CPU = Release|Any CPU
	EndGlobalSection
	GlobalSection(ProjectConfigurationPlatforms) = postSolution
		{BD298858-D0CD-4D18-AD97-05A9AFAEC906}.Debug|Any CPU.ActiveCfg = Debug|Any CPU
		{BD298858-D0CD-4D18-AD97-05A9AFAEC906}.Debug|Any CPU.Build.0 = Debug|Any CPU
		{BD298858-D0CD-4D18-AD97-05A9AFAEC906}.Release|Any CPU.ActiveCfg = Release|Any CPU
		{BD298858-D0CD-4D18-AD97-05A9AFAEC906}.Release|Any CPU.Build.0 = Release|Any CPU
	EndGlobalSection
	GlobalSection(SolutionProperties) = preSolution
		HideSolutionNode = FALSE
	EndGlobalSection
EndGlobal
