
Microsoft Visual Studio Solution File, Format Version 12.00
# Visual Studio 15
VisualStudioVersion = 15.0.26730.16
MinimumVisualStudioVersion = 10.0.40219.1
Project("{FAE04EC0-301F-11D3-BF4B-00C04F79EFBC}") = "Lesson3CW", "Lesson3CW\Lesson3CW.csproj", "{6A940368-62C0-4A6A-B4A6-58095B4BD3DE}"
EndProject
Project("{FAE04EC0-301F-11D3-BF4B-00C04F79EFBC}") = "DifferentWindows", "DifferentWindows\DifferentWindows.csproj", "{3ED3ABB9-F29B-47CA-A4EB-DF5B70946C4D}"
EndProject
Project("{FAE04EC0-301F-11D3-BF4B-00C04F79EFBC}") = "ProgressBar", "ProgressBar\ProgressBar.csproj", "{6F92925A-F626-4F46-9DFD-09CEC292BDE1}"
EndProject
Project("{FAE04EC0-301F-11D3-BF4B-00C04F79EFBC}") = "ScrollAndTrack", "ScrollAndTrack\ScrollAndTrack.csproj", "{25B55343-D21C-489B-963A-B92D94589DFC}"
EndProject
Global
	GlobalSection(SolutionConfigurationPlatforms) = preSolution
		Debug|Any CPU = Debug|Any CPU
		Release|Any CPU = Release|Any CPU
	EndGlobalSection
	GlobalSection(ProjectConfigurationPlatforms) = postSolution
		{6A940368-62C0-4A6A-B4A6-58095B4BD3DE}.Debug|Any CPU.ActiveCfg = Debug|Any CPU
		{6A940368-62C0-4A6A-B4A6-58095B4BD3DE}.Debug|Any CPU.Build.0 = Debug|Any CPU
		{6A940368-62C0-4A6A-B4A6-58095B4BD3DE}.Release|Any CPU.ActiveCfg = Release|Any CPU
		{6A940368-62C0-4A6A-B4A6-58095B4BD3DE}.Release|Any CPU.Build.0 = Release|Any CPU
		{3ED3ABB9-F29B-47CA-A4EB-DF5B70946C4D}.Debug|Any CPU.ActiveCfg = Debug|Any CPU
		{3ED3ABB9-F29B-47CA-A4EB-DF5B70946C4D}.Debug|Any CPU.Build.0 = Debug|Any CPU
		{3ED3ABB9-F29B-47CA-A4EB-DF5B70946C4D}.Release|Any CPU.ActiveCfg = Release|Any CPU
		{3ED3ABB9-F29B-47CA-A4EB-DF5B70946C4D}.Release|Any CPU.Build.0 = Release|Any CPU
		{6F92925A-F626-4F46-9DFD-09CEC292BDE1}.Debug|Any CPU.ActiveCfg = Debug|Any CPU
		{6F92925A-F626-4F46-9DFD-09CEC292BDE1}.Debug|Any CPU.Build.0 = Debug|Any CPU
		{6F92925A-F626-4F46-9DFD-09CEC292BDE1}.Release|Any CPU.ActiveCfg = Release|Any CPU
		{6F92925A-F626-4F46-9DFD-09CEC292BDE1}.Release|Any CPU.Build.0 = Release|Any CPU
		{25B55343-D21C-489B-963A-B92D94589DFC}.Debug|Any CPU.ActiveCfg = Debug|Any CPU
		{25B55343-D21C-489B-963A-B92D94589DFC}.Debug|Any CPU.Build.0 = Debug|Any CPU
		{25B55343-D21C-489B-963A-B92D94589DFC}.Release|Any CPU.ActiveCfg = Release|Any CPU
		{25B55343-D21C-489B-963A-B92D94589DFC}.Release|Any CPU.Build.0 = Release|Any CPU
	EndGlobalSection
	GlobalSection(SolutionProperties) = preSolution
		HideSolutionNode = FALSE
	EndGlobalSection
	GlobalSection(ExtensibilityGlobals) = postSolution
		SolutionGuid = {E0540718-45B1-4E49-9B1D-28FDF5617EC3}
	EndGlobalSection
EndGlobal
