
Microsoft Visual Studio Solution File, Format Version 10.00
# Visual Studio 2008
Project("{FAE04EC0-301F-11D3-BF4B-00C04F79EFBC}") = "PassValue_2", "PassValue_2\PassValue_2.csproj", "{BFDA18F6-93C9-4087-8CB9-1259DBA29741}"
EndProject
Global
	GlobalSection(SolutionConfigurationPlatforms) = preSolution
		Debug|Any CPU = Debug|Any CPU
		Release|Any CPU = Release|Any CPU
	EndGlobalSection
	GlobalSection(ProjectConfigurationPlatforms) = postSolution
		{BFDA18F6-93C9-4087-8CB9-1259DBA29741}.Debug|Any CPU.ActiveCfg = Debug|Any CPU
		{BFDA18F6-93C9-4087-8CB9-1259DBA29741}.Debug|Any CPU.Build.0 = Debug|Any CPU
		{BFDA18F6-93C9-4087-8CB9-1259DBA29741}.Release|Any CPU.ActiveCfg = Release|Any CPU
		{BFDA18F6-93C9-4087-8CB9-1259DBA29741}.Release|Any CPU.Build.0 = Release|Any CPU
	EndGlobalSection
	GlobalSection(SolutionProperties) = preSolution
		HideSolutionNode = FALSE
	EndGlobalSection
EndGlobal
