
Microsoft Visual Studio Solution File, Format Version 12.00
# Visual Studio 15
VisualStudioVersion = 15.0.28307.539
MinimumVisualStudioVersion = 10.0.40219.1
Project("{FAE04EC0-301F-11D3-BF4B-00C04F79EFBC}") = "02_Lesson", "02_Lesson\02_Lesson.csproj", "{C31F8BC1-701B-416F-BA94-847A301FD344}"
EndProject
Project("{FAE04EC0-301F-11D3-BF4B-00C04F79EFBC}") = "02_RadioButton", "02_TextBoxRadioButton\02_RadioButton.csproj", "{8F8ADD6B-C751-4C30-828C-C69E2C2762CF}"
EndProject
Project("{FAE04EC0-301F-11D3-BF4B-00C04F79EFBC}") = "03_TextBox", "03_TextBox\03_TextBox.csproj", "{485355C8-4BA4-4544-AA7D-53E7FFF9B58B}"
EndProject
Global
	GlobalSection(SolutionConfigurationPlatforms) = preSolution
		Debug|Any CPU = Debug|Any CPU
		Release|Any CPU = Release|Any CPU
	EndGlobalSection
	GlobalSection(ProjectConfigurationPlatforms) = postSolution
		{C31F8BC1-701B-416F-BA94-847A301FD344}.Debug|Any CPU.ActiveCfg = Debug|Any CPU
		{C31F8BC1-701B-416F-BA94-847A301FD344}.Debug|Any CPU.Build.0 = Debug|Any CPU
		{C31F8BC1-701B-416F-BA94-847A301FD344}.Release|Any CPU.ActiveCfg = Release|Any CPU
		{C31F8BC1-701B-416F-BA94-847A301FD344}.Release|Any CPU.Build.0 = Release|Any CPU
		{8F8ADD6B-C751-4C30-828C-C69E2C2762CF}.Debug|Any CPU.ActiveCfg = Debug|Any CPU
		{8F8ADD6B-C751-4C30-828C-C69E2C2762CF}.Debug|Any CPU.Build.0 = Debug|Any CPU
		{8F8ADD6B-C751-4C30-828C-C69E2C2762CF}.Release|Any CPU.ActiveCfg = Release|Any CPU
		{8F8ADD6B-C751-4C30-828C-C69E2C2762CF}.Release|Any CPU.Build.0 = Release|Any CPU
		{485355C8-4BA4-4544-AA7D-53E7FFF9B58B}.Debug|Any CPU.ActiveCfg = Debug|Any CPU
		{485355C8-4BA4-4544-AA7D-53E7FFF9B58B}.Debug|Any CPU.Build.0 = Debug|Any CPU
		{485355C8-4BA4-4544-AA7D-53E7FFF9B58B}.Release|Any CPU.ActiveCfg = Release|Any CPU
		{485355C8-4BA4-4544-AA7D-53E7FFF9B58B}.Release|Any CPU.Build.0 = Release|Any CPU
	EndGlobalSection
	GlobalSection(SolutionProperties) = preSolution
		HideSolutionNode = FALSE
	EndGlobalSection
	GlobalSection(ExtensibilityGlobals) = postSolution
		SolutionGuid = {F71AA22C-A159-4B3E-B53A-7BC06652F6F1}
	EndGlobalSection
EndGlobal
