
Microsoft Visual Studio Solution File, Format Version 10.00
# Visual Studio 2008
Project("{FAE04EC0-301F-11D3-BF4B-00C04F79EFBC}") = "SimpleMouse", "SimpleMouse\SimpleMouse.csproj", "{3EE8B87B-665F-497D-9BD1-8A5081F72275}"
EndProject
Global
	GlobalSection(SolutionConfigurationPlatforms) = preSolution
		Debug|Any CPU = Debug|Any CPU
		Release|Any CPU = Release|Any CPU
	EndGlobalSection
	GlobalSection(ProjectConfigurationPlatforms) = postSolution
		{3EE8B87B-665F-497D-9BD1-8A5081F72275}.Debug|Any CPU.ActiveCfg = Debug|Any CPU
		{3EE8B87B-665F-497D-9BD1-8A5081F72275}.Debug|Any CPU.Build.0 = Debug|Any CPU
		{3EE8B87B-665F-497D-9BD1-8A5081F72275}.Release|Any CPU.ActiveCfg = Release|Any CPU
		{3EE8B87B-665F-497D-9BD1-8A5081F72275}.Release|Any CPU.Build.0 = Release|Any CPU
	EndGlobalSection
	GlobalSection(SolutionProperties) = preSolution
		HideSolutionNode = FALSE
	EndGlobalSection
EndGlobal
