
Microsoft Visual Studio Solution File, Format Version 10.00
# Visual Studio 2008
Project("{FAE04EC0-301F-11D3-BF4B-00C04F79EFBC}") = "CurrentUser", "CurrentUser\CurrentUser.csproj", "{690918E1-174F-4201-8F94-1EE657ECE3D5}"
EndProject
Global
	GlobalSection(SolutionConfigurationPlatforms) = preSolution
		Debug|Any CPU = Debug|Any CPU
		Release|Any CPU = Release|Any CPU
	EndGlobalSection
	GlobalSection(ProjectConfigurationPlatforms) = postSolution
		{690918E1-174F-4201-8F94-1EE657ECE3D5}.Debug|Any CPU.ActiveCfg = Debug|Any CPU
		{690918E1-174F-4201-8F94-1EE657ECE3D5}.Debug|Any CPU.Build.0 = Debug|Any CPU
		{690918E1-174F-4201-8F94-1EE657ECE3D5}.Release|Any CPU.ActiveCfg = Release|Any CPU
		{690918E1-174F-4201-8F94-1EE657ECE3D5}.Release|Any CPU.Build.0 = Release|Any CPU
	EndGlobalSection
	GlobalSection(SolutionProperties) = preSolution
		HideSolutionNode = FALSE
	EndGlobalSection
EndGlobal
