
Microsoft Visual Studio Solution File, Format Version 10.00
# Visual Studio 2008
Project("{FAE04EC0-301F-11D3-BF4B-00C04F79EFBC}") = "NoClose", "NoClose\NoClose.csproj", "{C15FD0A3-42B7-425B-90C2-211CF9383119}"
EndProject
Global
	GlobalSection(SolutionConfigurationPlatforms) = preSolution
		Debug|Any CPU = Debug|Any CPU
		Release|Any CPU = Release|Any CPU
	EndGlobalSection
	GlobalSection(ProjectConfigurationPlatforms) = postSolution
		{C15FD0A3-42B7-425B-90C2-211CF9383119}.Debug|Any CPU.ActiveCfg = Debug|Any CPU
		{C15FD0A3-42B7-425B-90C2-211CF9383119}.Debug|Any CPU.Build.0 = Debug|Any CPU
		{C15FD0A3-42B7-425B-90C2-211CF9383119}.Release|Any CPU.ActiveCfg = Release|Any CPU
		{C15FD0A3-42B7-425B-90C2-211CF9383119}.Release|Any CPU.Build.0 = Release|Any CPU
	EndGlobalSection
	GlobalSection(SolutionProperties) = preSolution
		HideSolutionNode = FALSE
	EndGlobalSection
EndGlobal
