
Microsoft Visual Studio Solution File, Format Version 10.00
# Visual Studio 2008
Project("{FAE04EC0-301F-11D3-BF4B-00C04F79EFBC}") = "SystemMedia", "SystemMedia\SystemMedia.csproj", "{DBBFDFA6-C7DC-434C-B529-ED10F1FB6FAC}"
EndProject
Global
	GlobalSection(SolutionConfigurationPlatforms) = preSolution
		Debug|Any CPU = Debug|Any CPU
		Release|Any CPU = Release|Any CPU
	EndGlobalSection
	GlobalSection(ProjectConfigurationPlatforms) = postSolution
		{DBBFDFA6-C7DC-434C-B529-ED10F1FB6FAC}.Debug|Any CPU.ActiveCfg = Debug|Any CPU
		{DBBFDFA6-C7DC-434C-B529-ED10F1FB6FAC}.Debug|Any CPU.Build.0 = Debug|Any CPU
		{DBBFDFA6-C7DC-434C-B529-ED10F1FB6FAC}.Release|Any CPU.ActiveCfg = Release|Any CPU
		{DBBFDFA6-C7DC-434C-B529-ED10F1FB6FAC}.Release|Any CPU.Build.0 = Release|Any CPU
	EndGlobalSection
	GlobalSection(SolutionProperties) = preSolution
		HideSolutionNode = FALSE
	EndGlobalSection
EndGlobal
