
Microsoft Visual Studio Solution File, Format Version 12.00
# Visual Studio 15
VisualStudioVersion = 15.0.28307.572
MinimumVisualStudioVersion = 10.0.40219.1
Project("{FAE04EC0-301F-11D3-BF4B-00C04F79EFBC}") = "13_Binding", "13_Binding\13_Binding.csproj", "{54C52C77-F8B3-439B-9CE8-986CD77123A2}"
EndProject
Project("{FAE04EC0-301F-11D3-BF4B-00C04F79EFBC}") = "13_BindingControls", "13_BindingControls\13_BindingControls.csproj", "{FC7381E6-8127-4A19-A25A-0100D0B5CE7A}"
EndProject
Project("{FAE04EC0-301F-11D3-BF4B-00C04F79EFBC}") = "13_DataGridView", "13_DataGridView\13_DataGridView.csproj", "{015DC1FE-FCBF-49EF-BFBC-54C829A09570}"
EndProject
Project("{FAE04EC0-301F-11D3-BF4B-00C04F79EFBC}") = "13_Panel", "13_Panel\13_Panel.csproj", "{1C6EAA73-32FE-4658-A84A-9A96A20AAD4B}"
EndProject
Project("{FAE04EC0-301F-11D3-BF4B-00C04F79EFBC}") = "13_BindingToys", "13_BindingToys\13_BindingToys.csproj", "{686B686C-8BDC-4C13-B366-1BBCC75AD50F}"
EndProject
Global
	GlobalSection(SolutionConfigurationPlatforms) = preSolution
		Debug|Any CPU = Debug|Any CPU
		Release|Any CPU = Release|Any CPU
	EndGlobalSection
	GlobalSection(ProjectConfigurationPlatforms) = postSolution
		{54C52C77-F8B3-439B-9CE8-986CD77123A2}.Debug|Any CPU.ActiveCfg = Debug|Any CPU
		{54C52C77-F8B3-439B-9CE8-986CD77123A2}.Debug|Any CPU.Build.0 = Debug|Any CPU
		{54C52C77-F8B3-439B-9CE8-986CD77123A2}.Release|Any CPU.ActiveCfg = Release|Any CPU
		{54C52C77-F8B3-439B-9CE8-986CD77123A2}.Release|Any CPU.Build.0 = Release|Any CPU
		{FC7381E6-8127-4A19-A25A-0100D0B5CE7A}.Debug|Any CPU.ActiveCfg = Debug|Any CPU
		{FC7381E6-8127-4A19-A25A-0100D0B5CE7A}.Debug|Any CPU.Build.0 = Debug|Any CPU
		{FC7381E6-8127-4A19-A25A-0100D0B5CE7A}.Release|Any CPU.ActiveCfg = Release|Any CPU
		{FC7381E6-8127-4A19-A25A-0100D0B5CE7A}.Release|Any CPU.Build.0 = Release|Any CPU
		{015DC1FE-FCBF-49EF-BFBC-54C829A09570}.Debug|Any CPU.ActiveCfg = Debug|Any CPU
		{015DC1FE-FCBF-49EF-BFBC-54C829A09570}.Debug|Any CPU.Build.0 = Debug|Any CPU
		{015DC1FE-FCBF-49EF-BFBC-54C829A09570}.Release|Any CPU.ActiveCfg = Release|Any CPU
		{015DC1FE-FCBF-49EF-BFBC-54C829A09570}.Release|Any CPU.Build.0 = Release|Any CPU
		{1C6EAA73-32FE-4658-A84A-9A96A20AAD4B}.Debug|Any CPU.ActiveCfg = Debug|Any CPU
		{1C6EAA73-32FE-4658-A84A-9A96A20AAD4B}.Debug|Any CPU.Build.0 = Debug|Any CPU
		{1C6EAA73-32FE-4658-A84A-9A96A20AAD4B}.Release|Any CPU.ActiveCfg = Release|Any CPU
		{1C6EAA73-32FE-4658-A84A-9A96A20AAD4B}.Release|Any CPU.Build.0 = Release|Any CPU
		{686B686C-8BDC-4C13-B366-1BBCC75AD50F}.Debug|Any CPU.ActiveCfg = Debug|Any CPU
		{686B686C-8BDC-4C13-B366-1BBCC75AD50F}.Debug|Any CPU.Build.0 = Debug|Any CPU
		{686B686C-8BDC-4C13-B366-1BBCC75AD50F}.Release|Any CPU.ActiveCfg = Release|Any CPU
		{686B686C-8BDC-4C13-B366-1BBCC75AD50F}.Release|Any CPU.Build.0 = Release|Any CPU
	EndGlobalSection
	GlobalSection(SolutionProperties) = preSolution
		HideSolutionNode = FALSE
	EndGlobalSection
	GlobalSection(ExtensibilityGlobals) = postSolution
		SolutionGuid = {F321A0E2-0496-4EFF-95BC-BA2E86C30E33}
	EndGlobalSection
EndGlobal
