
Microsoft Visual Studio Solution File, Format Version 12.00
# Visual Studio 15
VisualStudioVersion = 15.0.26730.16
MinimumVisualStudioVersion = 10.0.40219.1
Project("{FAE04EC0-301F-11D3-BF4B-00C04F79EFBC}") = "01_RichTextBox", "01_RichTextBox\01_RichTextBox.csproj", "{8949AA57-FA99-4BDA-873A-480E06853D98}"
EndProject
Project("{FAE04EC0-301F-11D3-BF4B-00C04F79EFBC}") = "02_TreeView", "02_TreeView\02_TreeView.csproj", "{3A63C8A5-91E5-4BA9-A095-666044E39E87}"
EndProject
Global
	GlobalSection(SolutionConfigurationPlatforms) = preSolution
		Debug|Any CPU = Debug|Any CPU
		Release|Any CPU = Release|Any CPU
	EndGlobalSection
	GlobalSection(ProjectConfigurationPlatforms) = postSolution
		{8949AA57-FA99-4BDA-873A-480E06853D98}.Debug|Any CPU.ActiveCfg = Debug|Any CPU
		{8949AA57-FA99-4BDA-873A-480E06853D98}.Debug|Any CPU.Build.0 = Debug|Any CPU
		{8949AA57-FA99-4BDA-873A-480E06853D98}.Release|Any CPU.ActiveCfg = Release|Any CPU
		{8949AA57-FA99-4BDA-873A-480E06853D98}.Release|Any CPU.Build.0 = Release|Any CPU
		{3A63C8A5-91E5-4BA9-A095-666044E39E87}.Debug|Any CPU.ActiveCfg = Debug|Any CPU
		{3A63C8A5-91E5-4BA9-A095-666044E39E87}.Debug|Any CPU.Build.0 = Debug|Any CPU
		{3A63C8A5-91E5-4BA9-A095-666044E39E87}.Release|Any CPU.ActiveCfg = Release|Any CPU
		{3A63C8A5-91E5-4BA9-A095-666044E39E87}.Release|Any CPU.Build.0 = Release|Any CPU
	EndGlobalSection
	GlobalSection(SolutionProperties) = preSolution
		HideSolutionNode = FALSE
	EndGlobalSection
	GlobalSection(ExtensibilityGlobals) = postSolution
		SolutionGuid = {3B734019-4C1A-4976-89BF-2F30066FF48F}
	EndGlobalSection
EndGlobal
