
Microsoft Visual Studio Solution File, Format Version 10.00
# Visual Studio 2008
Project("{FAE04EC0-301F-11D3-BF4B-00C04F79EFBC}") = "PingDemo", "PingDemo\PingDemo.csproj", "{780B6EAE-8EBB-4064-A3A1-F9AFC99DCEAE}"
EndProject
Global
	GlobalSection(SolutionConfigurationPlatforms) = preSolution
		Debug|Any CPU = Debug|Any CPU
		Release|Any CPU = Release|Any CPU
	EndGlobalSection
	GlobalSection(ProjectConfigurationPlatforms) = postSolution
		{780B6EAE-8EBB-4064-A3A1-F9AFC99DCEAE}.Debug|Any CPU.ActiveCfg = Debug|Any CPU
		{780B6EAE-8EBB-4064-A3A1-F9AFC99DCEAE}.Debug|Any CPU.Build.0 = Debug|Any CPU
		{780B6EAE-8EBB-4064-A3A1-F9AFC99DCEAE}.Release|Any CPU.ActiveCfg = Release|Any CPU
		{780B6EAE-8EBB-4064-A3A1-F9AFC99DCEAE}.Release|Any CPU.Build.0 = Release|Any CPU
	EndGlobalSection
	GlobalSection(SolutionProperties) = preSolution
		HideSolutionNode = FALSE
	EndGlobalSection
EndGlobal
