
Microsoft Visual Studio Solution File, Format Version 12.00
# Visual Studio 15
VisualStudioVersion = 15.0.28307.539
MinimumVisualStudioVersion = 10.0.40219.1
Project("{FAE04EC0-301F-11D3-BF4B-00C04F79EFBC}") = "08_TreeView", "08_TreeView\08_TreeView.csproj", "{33A61357-CF6C-4A4B-83BA-3D3C84E7298D}"
EndProject
Project("{FAE04EC0-301F-11D3-BF4B-00C04F79EFBC}") = "08_02_TreeView", "08_02_TreeView\08_02_TreeView.csproj", "{0BFF9588-4A72-4D63-B0CE-7D88C899A608}"
EndProject
Global
	GlobalSection(SolutionConfigurationPlatforms) = preSolution
		Debug|Any CPU = Debug|Any CPU
		Release|Any CPU = Release|Any CPU
	EndGlobalSection
	GlobalSection(ProjectConfigurationPlatforms) = postSolution
		{33A61357-CF6C-4A4B-83BA-3D3C84E7298D}.Debug|Any CPU.ActiveCfg = Debug|Any CPU
		{33A61357-CF6C-4A4B-83BA-3D3C84E7298D}.Debug|Any CPU.Build.0 = Debug|Any CPU
		{33A61357-CF6C-4A4B-83BA-3D3C84E7298D}.Release|Any CPU.ActiveCfg = Release|Any CPU
		{33A61357-CF6C-4A4B-83BA-3D3C84E7298D}.Release|Any CPU.Build.0 = Release|Any CPU
		{0BFF9588-4A72-4D63-B0CE-7D88C899A608}.Debug|Any CPU.ActiveCfg = Debug|Any CPU
		{0BFF9588-4A72-4D63-B0CE-7D88C899A608}.Debug|Any CPU.Build.0 = Debug|Any CPU
		{0BFF9588-4A72-4D63-B0CE-7D88C899A608}.Release|Any CPU.ActiveCfg = Release|Any CPU
		{0BFF9588-4A72-4D63-B0CE-7D88C899A608}.Release|Any CPU.Build.0 = Release|Any CPU
	EndGlobalSection
	GlobalSection(SolutionProperties) = preSolution
		HideSolutionNode = FALSE
	EndGlobalSection
	GlobalSection(ExtensibilityGlobals) = postSolution
		SolutionGuid = {FD210CEF-5262-4FE2-B61B-3A9ACA070D5A}
	EndGlobalSection
EndGlobal
