
Microsoft Visual Studio Solution File, Format Version 10.00
# Visual Studio 2008
Project("{FAE04EC0-301F-11D3-BF4B-00C04F79EFBC}") = "OutlookNewMalEx", "OutlookNewMalEx\OutlookNewMalEx.csproj", "{013F054A-F138-4972-B838-39E84B392E7E}"
EndProject
Global
	GlobalSection(SolutionConfigurationPlatforms) = preSolution
		Debug|Any CPU = Debug|Any CPU
		Release|Any CPU = Release|Any CPU
	EndGlobalSection
	GlobalSection(ProjectConfigurationPlatforms) = postSolution
		{013F054A-F138-4972-B838-39E84B392E7E}.Debug|Any CPU.ActiveCfg = Debug|Any CPU
		{013F054A-F138-4972-B838-39E84B392E7E}.Debug|Any CPU.Build.0 = Debug|Any CPU
		{013F054A-F138-4972-B838-39E84B392E7E}.Release|Any CPU.ActiveCfg = Release|Any CPU
		{013F054A-F138-4972-B838-39E84B392E7E}.Release|Any CPU.Build.0 = Release|Any CPU
	EndGlobalSection
	GlobalSection(SolutionProperties) = preSolution
		HideSolutionNode = FALSE
	EndGlobalSection
EndGlobal
