
Microsoft Visual Studio Solution File, Format Version 10.00
# Visual Studio 2008
Project("{FAE04EC0-301F-11D3-BF4B-00C04F79EFBC}") = "Watcher", "Watcher\Watcher.csproj", "{2E298D02-02BB-4741-AC91-E7CD7459CD17}"
EndProject
Global
	GlobalSection(SolutionConfigurationPlatforms) = preSolution
		Debug|Any CPU = Debug|Any CPU
		Release|Any CPU = Release|Any CPU
	EndGlobalSection
	GlobalSection(ProjectConfigurationPlatforms) = postSolution
		{2E298D02-02BB-4741-AC91-E7CD7459CD17}.Debug|Any CPU.ActiveCfg = Debug|Any CPU
		{2E298D02-02BB-4741-AC91-E7CD7459CD17}.Debug|Any CPU.Build.0 = Debug|Any CPU
		{2E298D02-02BB-4741-AC91-E7CD7459CD17}.Release|Any CPU.ActiveCfg = Release|Any CPU
		{2E298D02-02BB-4741-AC91-E7CD7459CD17}.Release|Any CPU.Build.0 = Release|Any CPU
	EndGlobalSection
	GlobalSection(SolutionProperties) = preSolution
		HideSolutionNode = FALSE
	EndGlobalSection
EndGlobal
